
Microsoft Visual Studio Solution File, Format Version 12.00
# Visual Studio Version 17
VisualStudioVersion = 17.5.33516.290
MinimumVisualStudioVersion = 10.0.40219.1
Project("{2150E333-8FDC-42A3-9474-1A3956D46DE8}") = "Applications", "Applications", "{A9F48891-A224-499D-88E3-A6014BE22094}"
EndProject
Project("{2150E333-8FDC-42A3-9474-1A3956D46DE8}") = "Libraries", "Libraries", "{EDBE44D8-ED85-4AC6-9DB9-C3C8EAFAF22E}"
EndProject
Project("{FAE04EC0-301F-11D3-BF4B-00C04F79EFBC}") = "SV20T1080013.Web", "SV20T1080013.Web\SV20T1080013.Web.csproj", "{B7C477BF-BCDA-4085-8BD0-B469330DED00}"
EndProject
Global
	GlobalSection(SolutionConfigurationPlatforms) = preSolution
		Debug|Any CPU = Debug|Any CPU
		Release|Any CPU = Release|Any CPU
	EndGlobalSection
	GlobalSection(ProjectConfigurationPlatforms) = postSolution
		{B7C477BF-BCDA-4085-8BD0-B469330DED00}.Debug|Any CPU.ActiveCfg = Debug|Any CPU
		{B7C477BF-BCDA-4085-8BD0-B469330DED00}.Debug|Any CPU.Build.0 = Debug|Any CPU
		{B7C477BF-BCDA-4085-8BD0-B469330DED00}.Release|Any CPU.ActiveCfg = Release|Any CPU
		{B7C477BF-BCDA-4085-8BD0-B469330DED00}.Release|Any CPU.Build.0 = Release|Any CPU
	EndGlobalSection
	GlobalSection(SolutionProperties) = preSolution
		HideSolutionNode = FALSE
	EndGlobalSection
	GlobalSection(NestedProjects) = preSolution
		{B7C477BF-BCDA-4085-8BD0-B469330DED00} = {A9F48891-A224-499D-88E3-A6014BE22094}
	EndGlobalSection
	GlobalSection(ExtensibilityGlobals) = postSolution
		SolutionGuid = {56BF7667-4664-4E7F-AA4D-49C2C5F1D91F}
	EndGlobalSection
EndGlobal
